// !$*UTF8*$!
{
	archiveVersion = 1;
	classes = {
	};
	objectVersion = 46;
	objects = {

/* Begin PBXBuildFile section */
		E6F950F0188E6E5B0031EE9B /* Foundation.framework in Frameworks */ = {isa = PBXBuildFile; fileRef = E6F950EF188E6E5B0031EE9B /* Foundation.framework */; };
		E6F950F2188E6E5B0031EE9B /* CoreGraphics.framework in Frameworks */ = {isa = PBXBuildFile; fileRef = E6F950F1188E6E5B0031EE9B /* CoreGraphics.framework */; };
		E6F950F4188E6E5B0031EE9B /* UIKit.framework in Frameworks */ = {isa = PBXBuildFile; fileRef = E6F950F3188E6E5B0031EE9B /* UIKit.framework */; };
		E6F950FA188E6E5B0031EE9B /* InfoPlist.strings in Resources */ = {isa = PBXBuildFile; fileRef = E6F950F8188E6E5B0031EE9B /* InfoPlist.strings */; };
		E6F950FC188E6E5B0031EE9B /* main.m in Sources */ = {isa = PBXBuildFile; fileRef = E6F950FB188E6E5B0031EE9B /* main.m */; };
		E6F95100188E6E5B0031EE9B /* AppDelegate.m in Sources */ = {isa = PBXBuildFile; fileRef = E6F950FF188E6E5B0031EE9B /* AppDelegate.m */; };
		E6F95102188E6E5B0031EE9B /* Images.xcassets in Resources */ = {isa = PBXBuildFile; fileRef = E6F95101188E6E5B0031EE9B /* Images.xcassets */; };
		E6F95109188E6E5B0031EE9B /* XCTest.framework in Frameworks */ = {isa = PBXBuildFile; fileRef = E6F95108188E6E5B0031EE9B /* XCTest.framework */; };
		E6F9510A188E6E5B0031EE9B /* Foundation.framework in Frameworks */ = {isa = PBXBuildFile; fileRef = E6F950EF188E6E5B0031EE9B /* Foundation.framework */; };
		E6F9510B188E6E5B0031EE9B /* UIKit.framework in Frameworks */ = {isa = PBXBuildFile; fileRef = E6F950F3188E6E5B0031EE9B /* UIKit.framework */; };
		E6F95113188E6E5B0031EE9B /* InfoPlist.strings in Resources */ = {isa = PBXBuildFile; fileRef = E6F95111188E6E5B0031EE9B /* InfoPlist.strings */; };
		E6F95115188E6E5B0031EE9B /* iHospitalDoctorTests.m in Sources */ = {isa = PBXBuildFile; fileRef = E6F95114188E6E5B0031EE9B /* iHospitalDoctorTests.m */; };
		E6F9512E188E70A70031EE9B /* LoginViewController.m in Sources */ = {isa = PBXBuildFile; fileRef = E6F9512D188E70A70031EE9B /* LoginViewController.m */; };
		E6F95131188E70B50031EE9B /* LoginViewController.xib in Resources */ = {isa = PBXBuildFile; fileRef = E6F95130188E70B50031EE9B /* LoginViewController.xib */; };
		E6F95136188E71830031EE9B /* Localizable.strings in Resources */ = {isa = PBXBuildFile; fileRef = E6F95135188E71830031EE9B /* Localizable.strings */; };
		E6F9513B188E759E0031EE9B /* LoginService.m in Sources */ = {isa = PBXBuildFile; fileRef = E6F9513A188E759E0031EE9B /* LoginService.m */; };
		E6F9513E188E75BF0031EE9B /* LoginModel.m in Sources */ = {isa = PBXBuildFile; fileRef = E6F9513D188E75BF0031EE9B /* LoginModel.m */; };
		E6F95157188E825F0031EE9B /* NSAlert+MKNetworkKitAdditions.m in Sources */ = {isa = PBXBuildFile; fileRef = E6F95142188E825F0031EE9B /* NSAlert+MKNetworkKitAdditions.m */; };
		E6F95158188E825F0031EE9B /* NSData+MKBase64.m in Sources */ = {isa = PBXBuildFile; fileRef = E6F95144188E825F0031EE9B /* NSData+MKBase64.m */; };
		E6F95159188E825F0031EE9B /* NSDate+RFC1123.m in Sources */ = {isa = PBXBuildFile; fileRef = E6F95146188E825F0031EE9B /* NSDate+RFC1123.m */; };
		E6F9515A188E825F0031EE9B /* NSDictionary+RequestEncoding.m in Sources */ = {isa = PBXBuildFile; fileRef = E6F95148188E825F0031EE9B /* NSDictionary+RequestEncoding.m */; };
		E6F9515B188E825F0031EE9B /* NSString+MKNetworkKitAdditions.m in Sources */ = {isa = PBXBuildFile; fileRef = E6F9514A188E825F0031EE9B /* NSString+MKNetworkKitAdditions.m */; };
		E6F9515C188E825F0031EE9B /* UIAlertView+MKNetworkKitAdditions.m in Sources */ = {isa = PBXBuildFile; fileRef = E6F9514C188E825F0031EE9B /* UIAlertView+MKNetworkKitAdditions.m */; };
		E6F9515D188E825F0031EE9B /* UIImageView+MKNetworkKitAdditions.m in Sources */ = {isa = PBXBuildFile; fileRef = E6F9514E188E825F0031EE9B /* UIImageView+MKNetworkKitAdditions.m */; };
		E6F9515E188E825F0031EE9B /* MKNetworkEngine.m in Sources */ = {isa = PBXBuildFile; fileRef = E6F95150188E825F0031EE9B /* MKNetworkEngine.m */; };
		E6F9515F188E825F0031EE9B /* MKNetworkOperation.m in Sources */ = {isa = PBXBuildFile; fileRef = E6F95153188E825F0031EE9B /* MKNetworkOperation.m */; };
		E6F95160188E825F0031EE9B /* Reachability.m in Sources */ = {isa = PBXBuildFile; fileRef = E6F95156188E825F0031EE9B /* Reachability.m */; };
		E6F95162188E82B00031EE9B /* CFNetwork.framework in Frameworks */ = {isa = PBXBuildFile; fileRef = E6F95161188E82B00031EE9B /* CFNetwork.framework */; };
		E6F95164188E82B70031EE9B /* SystemConfiguration.framework in Frameworks */ = {isa = PBXBuildFile; fileRef = E6F95163188E82B70031EE9B /* SystemConfiguration.framework */; };
		E6F95166188E82BC0031EE9B /* Security.framework in Frameworks */ = {isa = PBXBuildFile; fileRef = E6F95165188E82BC0031EE9B /* Security.framework */; };
		E6F9516A188E89790031EE9B /* MainPageViewController.m in Sources */ = {isa = PBXBuildFile; fileRef = E6F95168188E89790031EE9B /* MainPageViewController.m */; };
		E6F9516B188E89790031EE9B /* MainPageViewController.xib in Resources */ = {isa = PBXBuildFile; fileRef = E6F95169188E89790031EE9B /* MainPageViewController.xib */; };
		E6F9516E188E91D70031EE9B /* MainPageModel.m in Sources */ = {isa = PBXBuildFile; fileRef = E6F9516D188E91D70031EE9B /* MainPageModel.m */; };
/* End PBXBuildFile section */

/* Begin PBXContainerItemProxy section */
		E6F9510C188E6E5B0031EE9B /* PBXContainerItemProxy */ = {
			isa = PBXContainerItemProxy;
			containerPortal = E6F950E4188E6E5B0031EE9B /* Project object */;
			proxyType = 1;
			remoteGlobalIDString = E6F950EB188E6E5B0031EE9B;
			remoteInfo = iHospitalDoctor;
		};
/* End PBXContainerItemProxy section */

/* Begin PBXFileReference section */
		E6F950EC188E6E5B0031EE9B /* iHospitalDoctor.app */ = {isa = PBXFileReference; explicitFileType = wrapper.application; includeInIndex = 0; path = iHospitalDoctor.app; sourceTree = BUILT_PRODUCTS_DIR; };
		E6F950EF188E6E5B0031EE9B /* Foundation.framework */ = {isa = PBXFileReference; lastKnownFileType = wrapper.framework; name = Foundation.framework; path = System/Library/Frameworks/Foundation.framework; sourceTree = SDKROOT; };
		E6F950F1188E6E5B0031EE9B /* CoreGraphics.framework */ = {isa = PBXFileReference; lastKnownFileType = wrapper.framework; name = CoreGraphics.framework; path = System/Library/Frameworks/CoreGraphics.framework; sourceTree = SDKROOT; };
		E6F950F3188E6E5B0031EE9B /* UIKit.framework */ = {isa = PBXFileReference; lastKnownFileType = wrapper.framework; name = UIKit.framework; path = System/Library/Frameworks/UIKit.framework; sourceTree = SDKROOT; };
		E6F950F7188E6E5B0031EE9B /* iHospitalDoctor-Info.plist */ = {isa = PBXFileReference; lastKnownFileType = text.plist.xml; path = "iHospitalDoctor-Info.plist"; sourceTree = "<group>"; };
		E6F950F9188E6E5B0031EE9B /* en */ = {isa = PBXFileReference; lastKnownFileType = text.plist.strings; name = en; path = en.lproj/InfoPlist.strings; sourceTree = "<group>"; };
		E6F950FB188E6E5B0031EE9B /* main.m */ = {isa = PBXFileReference; lastKnownFileType = sourcecode.c.objc; path = main.m; sourceTree = "<group>"; };
		E6F950FD188E6E5B0031EE9B /* iHospitalDoctor-Prefix.pch */ = {isa = PBXFileReference; lastKnownFileType = sourcecode.c.h; path = "iHospitalDoctor-Prefix.pch"; sourceTree = "<group>"; };
		E6F950FE188E6E5B0031EE9B /* AppDelegate.h */ = {isa = PBXFileReference; lastKnownFileType = sourcecode.c.h; path = AppDelegate.h; sourceTree = "<group>"; };
		E6F950FF188E6E5B0031EE9B /* AppDelegate.m */ = {isa = PBXFileReference; lastKnownFileType = sourcecode.c.objc; path = AppDelegate.m; sourceTree = "<group>"; };
		E6F95101188E6E5B0031EE9B /* Images.xcassets */ = {isa = PBXFileReference; lastKnownFileType = folder.assetcatalog; path = Images.xcassets; sourceTree = "<group>"; };
		E6F95107188E6E5B0031EE9B /* iHospitalDoctorTests.xctest */ = {isa = PBXFileReference; explicitFileType = wrapper.cfbundle; includeInIndex = 0; path = iHospitalDoctorTests.xctest; sourceTree = BUILT_PRODUCTS_DIR; };
		E6F95108188E6E5B0031EE9B /* XCTest.framework */ = {isa = PBXFileReference; lastKnownFileType = wrapper.framework; name = XCTest.framework; path = Library/Frameworks/XCTest.framework; sourceTree = DEVELOPER_DIR; };
		E6F95110188E6E5B0031EE9B /* iHospitalDoctorTests-Info.plist */ = {isa = PBXFileReference; lastKnownFileType = text.plist.xml; path = "iHospitalDoctorTests-Info.plist"; sourceTree = "<group>"; };
		E6F95112188E6E5B0031EE9B /* en */ = {isa = PBXFileReference; lastKnownFileType = text.plist.strings; name = en; path = en.lproj/InfoPlist.strings; sourceTree = "<group>"; };
		E6F95114188E6E5B0031EE9B /* iHospitalDoctorTests.m */ = {isa = PBXFileReference; lastKnownFileType = sourcecode.c.objc; path = iHospitalDoctorTests.m; sourceTree = "<group>"; };
		E6F9512D188E70A70031EE9B /* LoginViewController.m */ = {isa = PBXFileReference; fileEncoding = 4; lastKnownFileType = sourcecode.c.objc; path = LoginViewController.m; sourceTree = "<group>"; };
		E6F9512F188E70B00031EE9B /* LoginViewController.h */ = {isa = PBXFileReference; lastKnownFileType = sourcecode.c.h; path = LoginViewController.h; sourceTree = "<group>"; };
		E6F95130188E70B50031EE9B /* LoginViewController.xib */ = {isa = PBXFileReference; fileEncoding = 4; lastKnownFileType = file.xib; path = LoginViewController.xib; sourceTree = "<group>"; };
		E6F95135188E71830031EE9B /* Localizable.strings */ = {isa = PBXFileReference; fileEncoding = 4; lastKnownFileType = text.plist.strings; path = Localizable.strings; sourceTree = "<group>"; };
		E6F95139188E759E0031EE9B /* LoginService.h */ = {isa = PBXFileReference; fileEncoding = 4; lastKnownFileType = sourcecode.c.h; path = LoginService.h; sourceTree = "<group>"; };
		E6F9513A188E759E0031EE9B /* LoginService.m */ = {isa = PBXFileReference; fileEncoding = 4; lastKnownFileType = sourcecode.c.objc; path = LoginService.m; sourceTree = "<group>"; };
		E6F9513C188E75BF0031EE9B /* LoginModel.h */ = {isa = PBXFileReference; fileEncoding = 4; lastKnownFileType = sourcecode.c.h; path = LoginModel.h; sourceTree = "<group>"; };
		E6F9513D188E75BF0031EE9B /* LoginModel.m */ = {isa = PBXFileReference; fileEncoding = 4; lastKnownFileType = sourcecode.c.objc; path = LoginModel.m; sourceTree = "<group>"; };
		E6F95141188E825F0031EE9B /* NSAlert+MKNetworkKitAdditions.h */ = {isa = PBXFileReference; fileEncoding = 4; lastKnownFileType = sourcecode.c.h; path = "NSAlert+MKNetworkKitAdditions.h"; sourceTree = "<group>"; };
		E6F95142188E825F0031EE9B /* NSAlert+MKNetworkKitAdditions.m */ = {isa = PBXFileReference; fileEncoding = 4; lastKnownFileType = sourcecode.c.objc; path = "NSAlert+MKNetworkKitAdditions.m"; sourceTree = "<group>"; };
		E6F95143188E825F0031EE9B /* NSData+MKBase64.h */ = {isa = PBXFileReference; fileEncoding = 4; lastKnownFileType = sourcecode.c.h; path = "NSData+MKBase64.h"; sourceTree = "<group>"; };
		E6F95144188E825F0031EE9B /* NSData+MKBase64.m */ = {isa = PBXFileReference; fileEncoding = 4; lastKnownFileType = sourcecode.c.objc; path = "NSData+MKBase64.m"; sourceTree = "<group>"; };
		E6F95145188E825F0031EE9B /* NSDate+RFC1123.h */ = {isa = PBXFileReference; fileEncoding = 4; lastKnownFileType = sourcecode.c.h; path = "NSDate+RFC1123.h"; sourceTree = "<group>"; };
		E6F95146188E825F0031EE9B /* NSDate+RFC1123.m */ = {isa = PBXFileReference; fileEncoding = 4; lastKnownFileType = sourcecode.c.objc; path = "NSDate+RFC1123.m"; sourceTree = "<group>"; };
		E6F95147188E825F0031EE9B /* NSDictionary+RequestEncoding.h */ = {isa = PBXFileReference; fileEncoding = 4; lastKnownFileType = sourcecode.c.h; path = "NSDictionary+RequestEncoding.h"; sourceTree = "<group>"; };
		E6F95148188E825F0031EE9B /* NSDictionary+RequestEncoding.m */ = {isa = PBXFileReference; fileEncoding = 4; lastKnownFileType = sourcecode.c.objc; path = "NSDictionary+RequestEncoding.m"; sourceTree = "<group>"; };
		E6F95149188E825F0031EE9B /* NSString+MKNetworkKitAdditions.h */ = {isa = PBXFileReference; fileEncoding = 4; lastKnownFileType = sourcecode.c.h; path = "NSString+MKNetworkKitAdditions.h"; sourceTree = "<group>"; };
		E6F9514A188E825F0031EE9B /* NSString+MKNetworkKitAdditions.m */ = {isa = PBXFileReference; fileEncoding = 4; lastKnownFileType = sourcecode.c.objc; path = "NSString+MKNetworkKitAdditions.m"; sourceTree = "<group>"; };
		E6F9514B188E825F0031EE9B /* UIAlertView+MKNetworkKitAdditions.h */ = {isa = PBXFileReference; fileEncoding = 4; lastKnownFileType = sourcecode.c.h; path = "UIAlertView+MKNetworkKitAdditions.h"; sourceTree = "<group>"; };
		E6F9514C188E825F0031EE9B /* UIAlertView+MKNetworkKitAdditions.m */ = {isa = PBXFileReference; fileEncoding = 4; lastKnownFileType = sourcecode.c.objc; path = "UIAlertView+MKNetworkKitAdditions.m"; sourceTree = "<group>"; };
		E6F9514D188E825F0031EE9B /* UIImageView+MKNetworkKitAdditions.h */ = {isa = PBXFileReference; fileEncoding = 4; lastKnownFileType = sourcecode.c.h; path = "UIImageView+MKNetworkKitAdditions.h"; sourceTree = "<group>"; };
		E6F9514E188E825F0031EE9B /* UIImageView+MKNetworkKitAdditions.m */ = {isa = PBXFileReference; fileEncoding = 4; lastKnownFileType = sourcecode.c.objc; path = "UIImageView+MKNetworkKitAdditions.m"; sourceTree = "<group>"; };
		E6F9514F188E825F0031EE9B /* MKNetworkEngine.h */ = {isa = PBXFileReference; fileEncoding = 4; lastKnownFileType = sourcecode.c.h; path = MKNetworkEngine.h; sourceTree = "<group>"; };
		E6F95150188E825F0031EE9B /* MKNetworkEngine.m */ = {isa = PBXFileReference; fileEncoding = 4; lastKnownFileType = sourcecode.c.objc; path = MKNetworkEngine.m; sourceTree = "<group>"; };
		E6F95151188E825F0031EE9B /* MKNetworkKit.h */ = {isa = PBXFileReference; fileEncoding = 4; lastKnownFileType = sourcecode.c.h; path = MKNetworkKit.h; sourceTree = "<group>"; };
		E6F95152188E825F0031EE9B /* MKNetworkOperation.h */ = {isa = PBXFileReference; fileEncoding = 4; lastKnownFileType = sourcecode.c.h; path = MKNetworkOperation.h; sourceTree = "<group>"; };
		E6F95153188E825F0031EE9B /* MKNetworkOperation.m */ = {isa = PBXFileReference; fileEncoding = 4; lastKnownFileType = sourcecode.c.objc; path = MKNetworkOperation.m; sourceTree = "<group>"; };
		E6F95155188E825F0031EE9B /* Reachability.h */ = {isa = PBXFileReference; fileEncoding = 4; lastKnownFileType = sourcecode.c.h; path = Reachability.h; sourceTree = "<group>"; };
		E6F95156188E825F0031EE9B /* Reachability.m */ = {isa = PBXFileReference; fileEncoding = 4; lastKnownFileType = sourcecode.c.objc; path = Reachability.m; sourceTree = "<group>"; };
		E6F95161188E82B00031EE9B /* CFNetwork.framework */ = {isa = PBXFileReference; lastKnownFileType = wrapper.framework; name = CFNetwork.framework; path = System/Library/Frameworks/CFNetwork.framework; sourceTree = SDKROOT; };
		E6F95163188E82B70031EE9B /* SystemConfiguration.framework */ = {isa = PBXFileReference; lastKnownFileType = wrapper.framework; name = SystemConfiguration.framework; path = System/Library/Frameworks/SystemConfiguration.framework; sourceTree = SDKROOT; };
		E6F95165188E82BC0031EE9B /* Security.framework */ = {isa = PBXFileReference; lastKnownFileType = wrapper.framework; name = Security.framework; path = System/Library/Frameworks/Security.framework; sourceTree = SDKROOT; };
		E6F95167188E89790031EE9B /* MainPageViewController.h */ = {isa = PBXFileReference; fileEncoding = 4; lastKnownFileType = sourcecode.c.h; name = MainPageViewController.h; path = ../MainPageViewController.h; sourceTree = "<group>"; };
		E6F95168188E89790031EE9B /* MainPageViewController.m */ = {isa = PBXFileReference; fileEncoding = 4; lastKnownFileType = sourcecode.c.objc; name = MainPageViewController.m; path = ../MainPageViewController.m; sourceTree = "<group>"; };
		E6F95169188E89790031EE9B /* MainPageViewController.xib */ = {isa = PBXFileReference; fileEncoding = 4; lastKnownFileType = file.xib; name = MainPageViewController.xib; path = ../MainPageViewController.xib; sourceTree = "<group>"; };
		E6F9516C188E91D70031EE9B /* MainPageModel.h */ = {isa = PBXFileReference; fileEncoding = 4; lastKnownFileType = sourcecode.c.h; path = MainPageModel.h; sourceTree = "<group>"; };
		E6F9516D188E91D70031EE9B /* MainPageModel.m */ = {isa = PBXFileReference; fileEncoding = 4; lastKnownFileType = sourcecode.c.objc; path = MainPageModel.m; sourceTree = "<group>"; };
/* End PBXFileReference section */

/* Begin PBXFrameworksBuildPhase section */
		E6F950E9188E6E5B0031EE9B /* Frameworks */ = {
			isa = PBXFrameworksBuildPhase;
			buildActionMask = 2147483647;
			files = (
				E6F95166188E82BC0031EE9B /* Security.framework in Frameworks */,
				E6F95164188E82B70031EE9B /* SystemConfiguration.framework in Frameworks */,
				E6F95162188E82B00031EE9B /* CFNetwork.framework in Frameworks */,
				E6F950F2188E6E5B0031EE9B /* CoreGraphics.framework in Frameworks */,
				E6F950F4188E6E5B0031EE9B /* UIKit.framework in Frameworks */,
				E6F950F0188E6E5B0031EE9B /* Foundation.framework in Frameworks */,
			);
			runOnlyForDeploymentPostprocessing = 0;
		};
		E6F95104188E6E5B0031EE9B /* Frameworks */ = {
			isa = PBXFrameworksBuildPhase;
			buildActionMask = 2147483647;
			files = (
				E6F95109188E6E5B0031EE9B /* XCTest.framework in Frameworks */,
				E6F9510B188E6E5B0031EE9B /* UIKit.framework in Frameworks */,
				E6F9510A188E6E5B0031EE9B /* Foundation.framework in Frameworks */,
			);
			runOnlyForDeploymentPostprocessing = 0;
		};
/* End PBXFrameworksBuildPhase section */

/* Begin PBXGroup section */
		E6F950E3188E6E5B0031EE9B = {
			isa = PBXGroup;
			children = (
				E6F9513F188E825E0031EE9B /* MKNetworkKit */,
				E6F950F5188E6E5B0031EE9B /* iHospitalDoctor */,
				E6F9510E188E6E5B0031EE9B /* iHospitalDoctorTests */,
				E6F950EE188E6E5B0031EE9B /* Frameworks */,
				E6F950ED188E6E5B0031EE9B /* Products */,
			);
			sourceTree = "<group>";
		};
		E6F950ED188E6E5B0031EE9B /* Products */ = {
			isa = PBXGroup;
			children = (
				E6F950EC188E6E5B0031EE9B /* iHospitalDoctor.app */,
				E6F95107188E6E5B0031EE9B /* iHospitalDoctorTests.xctest */,
			);
			name = Products;
			sourceTree = "<group>";
		};
		E6F950EE188E6E5B0031EE9B /* Frameworks */ = {
			isa = PBXGroup;
			children = (
				E6F95165188E82BC0031EE9B /* Security.framework */,
				E6F95163188E82B70031EE9B /* SystemConfiguration.framework */,
				E6F95161188E82B00031EE9B /* CFNetwork.framework */,
				E6F950EF188E6E5B0031EE9B /* Foundation.framework */,
				E6F950F1188E6E5B0031EE9B /* CoreGraphics.framework */,
				E6F950F3188E6E5B0031EE9B /* UIKit.framework */,
				E6F95108188E6E5B0031EE9B /* XCTest.framework */,
			);
			name = Frameworks;
			sourceTree = "<group>";
		};
		E6F950F5188E6E5B0031EE9B /* iHospitalDoctor */ = {
			isa = PBXGroup;
			children = (
				E6F95138188E756C0031EE9B /* service */,
				E6F95134188E70C80031EE9B /* model */,
				E6F95133188E70C20031EE9B /* view */,
				E6F95132188E70B90031EE9B /* controller */,
				E6F950FE188E6E5B0031EE9B /* AppDelegate.h */,
				E6F950FF188E6E5B0031EE9B /* AppDelegate.m */,
				E6F95101188E6E5B0031EE9B /* Images.xcassets */,
				E6F95137188E718A0031EE9B /* res */,
				E6F950F6188E6E5B0031EE9B /* Supporting Files */,
			);
			path = iHospitalDoctor;
			sourceTree = "<group>";
		};
		E6F950F6188E6E5B0031EE9B /* Supporting Files */ = {
			isa = PBXGroup;
			children = (
				E6F950F7188E6E5B0031EE9B /* iHospitalDoctor-Info.plist */,
				E6F950F8188E6E5B0031EE9B /* InfoPlist.strings */,
				E6F950FB188E6E5B0031EE9B /* main.m */,
				E6F950FD188E6E5B0031EE9B /* iHospitalDoctor-Prefix.pch */,
			);
			name = "Supporting Files";
			sourceTree = "<group>";
		};
		E6F9510E188E6E5B0031EE9B /* iHospitalDoctorTests */ = {
			isa = PBXGroup;
			children = (
				E6F95114188E6E5B0031EE9B /* iHospitalDoctorTests.m */,
				E6F9510F188E6E5B0031EE9B /* Supporting Files */,
			);
			path = iHospitalDoctorTests;
			sourceTree = "<group>";
		};
		E6F9510F188E6E5B0031EE9B /* Supporting Files */ = {
			isa = PBXGroup;
			children = (
				E6F95110188E6E5B0031EE9B /* iHospitalDoctorTests-Info.plist */,
				E6F95111188E6E5B0031EE9B /* InfoPlist.strings */,
			);
			name = "Supporting Files";
			sourceTree = "<group>";
		};
		E6F95132188E70B90031EE9B /* controller */ = {
			isa = PBXGroup;
			children = (
				E6F95167188E89790031EE9B /* MainPageViewController.h */,
				E6F95168188E89790031EE9B /* MainPageViewController.m */,
				E6F9512D188E70A70031EE9B /* LoginViewController.m */,
				E6F9512F188E70B00031EE9B /* LoginViewController.h */,
			);
			name = controller;
			sourceTree = "<group>";
		};
		E6F95133188E70C20031EE9B /* view */ = {
			isa = PBXGroup;
			children = (
				E6F95169188E89790031EE9B /* MainPageViewController.xib */,
				E6F95130188E70B50031EE9B /* LoginViewController.xib */,
			);
			name = view;
			sourceTree = "<group>";
		};
		E6F95134188E70C80031EE9B /* model */ = {
			isa = PBXGroup;
			children = (
				E6F9513C188E75BF0031EE9B /* LoginModel.h */,
				E6F9513D188E75BF0031EE9B /* LoginModel.m */,
				E6F9516C188E91D70031EE9B /* MainPageModel.h */,
				E6F9516D188E91D70031EE9B /* MainPageModel.m */,
			);
			name = model;
			sourceTree = "<group>";
		};
		E6F95137188E718A0031EE9B /* res */ = {
			isa = PBXGroup;
			children = (
				E6F95135188E71830031EE9B /* Localizable.strings */,
			);
			name = res;
			sourceTree = "<group>";
		};
		E6F95138188E756C0031EE9B /* service */ = {
			isa = PBXGroup;
			children = (
				E6F95139188E759E0031EE9B /* LoginService.h */,
				E6F9513A188E759E0031EE9B /* LoginService.m */,
			);
			name = service;
			sourceTree = "<group>";
		};
		E6F9513F188E825E0031EE9B /* MKNetworkKit */ = {
			isa = PBXGroup;
			children = (
				E6F95140188E825F0031EE9B /* Categories */,
				E6F9514F188E825F0031EE9B /* MKNetworkEngine.h */,
				E6F95150188E825F0031EE9B /* MKNetworkEngine.m */,
				E6F95151188E825F0031EE9B /* MKNetworkKit.h */,
				E6F95152188E825F0031EE9B /* MKNetworkOperation.h */,
				E6F95153188E825F0031EE9B /* MKNetworkOperation.m */,
				E6F95154188E825F0031EE9B /* Reachability */,
			);
			path = MKNetworkKit;
			sourceTree = "<group>";
		};
		E6F95140188E825F0031EE9B /* Categories */ = {
			isa = PBXGroup;
			children = (
				E6F95141188E825F0031EE9B /* NSAlert+MKNetworkKitAdditions.h */,
				E6F95142188E825F0031EE9B /* NSAlert+MKNetworkKitAdditions.m */,
				E6F95143188E825F0031EE9B /* NSData+MKBase64.h */,
				E6F95144188E825F0031EE9B /* NSData+MKBase64.m */,
				E6F95145188E825F0031EE9B /* NSDate+RFC1123.h */,
				E6F95146188E825F0031EE9B /* NSDate+RFC1123.m */,
				E6F95147188E825F0031EE9B /* NSDictionary+RequestEncoding.h */,
				E6F95148188E825F0031EE9B /* NSDictionary+RequestEncoding.m */,
				E6F95149188E825F0031EE9B /* NSString+MKNetworkKitAdditions.h */,
				E6F9514A188E825F0031EE9B /* NSString+MKNetworkKitAdditions.m */,
				E6F9514B188E825F0031EE9B /* UIAlertView+MKNetworkKitAdditions.h */,
				E6F9514C188E825F0031EE9B /* UIAlertView+MKNetworkKitAdditions.m */,
				E6F9514D188E825F0031EE9B /* UIImageView+MKNetworkKitAdditions.h */,
				E6F9514E188E825F0031EE9B /* UIImageView+MKNetworkKitAdditions.m */,
			);
			path = Categories;
			sourceTree = "<group>";
		};
		E6F95154188E825F0031EE9B /* Reachability */ = {
			isa = PBXGroup;
			children = (
				E6F95155188E825F0031EE9B /* Reachability.h */,
				E6F95156188E825F0031EE9B /* Reachability.m */,
			);
			path = Reachability;
			sourceTree = "<group>";
		};
/* End PBXGroup section */

/* Begin PBXNativeTarget section */
		E6F950EB188E6E5B0031EE9B /* iHospitalDoctor */ = {
			isa = PBXNativeTarget;
			buildConfigurationList = E6F95118188E6E5B0031EE9B /* Build configuration list for PBXNativeTarget "iHospitalDoctor" */;
			buildPhases = (
				E6F950E8188E6E5B0031EE9B /* Sources */,
				E6F950E9188E6E5B0031EE9B /* Frameworks */,
				E6F950EA188E6E5B0031EE9B /* Resources */,
			);
			buildRules = (
			);
			dependencies = (
			);
			name = iHospitalDoctor;
			productName = iHospitalDoctor;
			productReference = E6F950EC188E6E5B0031EE9B /* iHospitalDoctor.app */;
			productType = "com.apple.product-type.application";
		};
		E6F95106188E6E5B0031EE9B /* iHospitalDoctorTests */ = {
			isa = PBXNativeTarget;
			buildConfigurationList = E6F9511B188E6E5B0031EE9B /* Build configuration list for PBXNativeTarget "iHospitalDoctorTests" */;
			buildPhases = (
				E6F95103188E6E5B0031EE9B /* Sources */,
				E6F95104188E6E5B0031EE9B /* Frameworks */,
				E6F95105188E6E5B0031EE9B /* Resources */,
			);
			buildRules = (
			);
			dependencies = (
				E6F9510D188E6E5B0031EE9B /* PBXTargetDependency */,
			);
			name = iHospitalDoctorTests;
			productName = iHospitalDoctorTests;
			productReference = E6F95107188E6E5B0031EE9B /* iHospitalDoctorTests.xctest */;
			productType = "com.apple.product-type.bundle.unit-test";
		};
/* End PBXNativeTarget section */

/* Begin PBXProject section */
		E6F950E4188E6E5B0031EE9B /* Project object */ = {
			isa = PBXProject;
			attributes = {
				LastUpgradeCheck = 0500;
				ORGANIZATIONNAME = com.zhoutianli;
				TargetAttributes = {
					E6F95106188E6E5B0031EE9B = {
						TestTargetID = E6F950EB188E6E5B0031EE9B;
					};
				};
			};
			buildConfigurationList = E6F950E7188E6E5B0031EE9B /* Build configuration list for PBXProject "iHospitalDoctor" */;
			compatibilityVersion = "Xcode 3.2";
			developmentRegion = English;
			hasScannedForEncodings = 0;
			knownRegions = (
				en,
			);
			mainGroup = E6F950E3188E6E5B0031EE9B;
			productRefGroup = E6F950ED188E6E5B0031EE9B /* Products */;
			projectDirPath = "";
			projectRoot = "";
			targets = (
				E6F950EB188E6E5B0031EE9B /* iHospitalDoctor */,
				E6F95106188E6E5B0031EE9B /* iHospitalDoctorTests */,
			);
		};
/* End PBXProject section */

/* Begin PBXResourcesBuildPhase section */
		E6F950EA188E6E5B0031EE9B /* Resources */ = {
			isa = PBXResourcesBuildPhase;
			buildActionMask = 2147483647;
			files = (
				E6F950FA188E6E5B0031EE9B /* InfoPlist.strings in Resources */,
				E6F95136188E71830031EE9B /* Localizable.strings in Resources */,
				E6F95102188E6E5B0031EE9B /* Images.xcassets in Resources */,
				E6F95131188E70B50031EE9B /* LoginViewController.xib in Resources */,
				E6F9516B188E89790031EE9B /* MainPageViewController.xib in Resources */,
			);
			runOnlyForDeploymentPostprocessing = 0;
		};
		E6F95105188E6E5B0031EE9B /* Resources */ = {
			isa = PBXResourcesBuildPhase;
			buildActionMask = 2147483647;
			files = (
				E6F95113188E6E5B0031EE9B /* InfoPlist.strings in Resources */,
			);
			runOnlyForDeploymentPostprocessing = 0;
		};
/* End PBXResourcesBuildPhase section */

/* Begin PBXSourcesBuildPhase section */
		E6F950E8188E6E5B0031EE9B /* Sources */ = {
			isa = PBXSourcesBuildPhase;
			buildActionMask = 2147483647;
			files = (
				E6F95100188E6E5B0031EE9B /* AppDelegate.m in Sources */,
				E6F9515A188E825F0031EE9B /* NSDictionary+RequestEncoding.m in Sources */,
				E6F9515E188E825F0031EE9B /* MKNetworkEngine.m in Sources */,
				E6F9515D188E825F0031EE9B /* UIImageView+MKNetworkKitAdditions.m in Sources */,
				E6F9516A188E89790031EE9B /* MainPageViewController.m in Sources */,
				E6F95160188E825F0031EE9B /* Reachability.m in Sources */,
				E6F9515C188E825F0031EE9B /* UIAlertView+MKNetworkKitAdditions.m in Sources */,
				E6F950FC188E6E5B0031EE9B /* main.m in Sources */,
				E6F9512E188E70A70031EE9B /* LoginViewController.m in Sources */,
				E6F95157188E825F0031EE9B /* NSAlert+MKNetworkKitAdditions.m in Sources */,
				E6F9513B188E759E0031EE9B /* LoginService.m in Sources */,
				E6F95158188E825F0031EE9B /* NSData+MKBase64.m in Sources */,
				E6F9515F188E825F0031EE9B /* MKNetworkOperation.m in Sources */,
				E6F9513E188E75BF0031EE9B /* LoginModel.m in Sources */,
				E6F9516E188E91D70031EE9B /* MainPageModel.m in Sources */,
				E6F9515B188E825F0031EE9B /* NSString+MKNetworkKitAdditions.m in Sources */,
				E6F95159188E825F0031EE9B /* NSDate+RFC1123.m in Sources */,
			);
			runOnlyForDeploymentPostprocessing = 0;
		};
		E6F95103188E6E5B0031EE9B /* Sources */ = {
			isa = PBXSourcesBuildPhase;
			buildActionMask = 2147483647;
			files = (
				E6F95115188E6E5B0031EE9B /* iHospitalDoctorTests.m in Sources */,
			);
			runOnlyForDeploymentPostprocessing = 0;
		};
/* End PBXSourcesBuildPhase section */

/* Begin PBXTargetDependency section */
		E6F9510D188E6E5B0031EE9B /* PBXTargetDependency */ = {
			isa = PBXTargetDependency;
			target = E6F950EB188E6E5B0031EE9B /* iHospitalDoctor */;
			targetProxy = E6F9510C188E6E5B0031EE9B /* PBXContainerItemProxy */;
		};
/* End PBXTargetDependency section */

/* Begin PBXVariantGroup section */
		E6F950F8188E6E5B0031EE9B /* InfoPlist.strings */ = {
			isa = PBXVariantGroup;
			children = (
				E6F950F9188E6E5B0031EE9B /* en */,
			);
			name = InfoPlist.strings;
			sourceTree = "<group>";
		};
		E6F95111188E6E5B0031EE9B /* InfoPlist.strings */ = {
			isa = PBXVariantGroup;
			children = (
				E6F95112188E6E5B0031EE9B /* en */,
			);
			name = InfoPlist.strings;
			sourceTree = "<group>";
		};
/* End PBXVariantGroup section */

/* Begin XCBuildConfiguration section */
		E6F95116188E6E5B0031EE9B /* Debug */ = {
			isa = XCBuildConfiguration;
			buildSettings = {
				ALWAYS_SEARCH_USER_PATHS = NO;
				ARCHS = "$(ARCHS_STANDARD_INCLUDING_64_BIT)";
				CLANG_CXX_LANGUAGE_STANDARD = "gnu++0x";
				CLANG_CXX_LIBRARY = "libc++";
				CLANG_ENABLE_MODULES = YES;
				CLANG_ENABLE_OBJC_ARC = YES;
				CLANG_WARN_BOOL_CONVERSION = YES;
				CLANG_WARN_CONSTANT_CONVERSION = YES;
				CLANG_WARN_DIRECT_OBJC_ISA_USAGE = YES_ERROR;
				CLANG_WARN_EMPTY_BODY = YES;
				CLANG_WARN_ENUM_CONVERSION = YES;
				CLANG_WARN_INT_CONVERSION = YES;
				CLANG_WARN_OBJC_ROOT_CLASS = YES_ERROR;
				CLANG_WARN__DUPLICATE_METHOD_MATCH = YES;
				"CODE_SIGN_IDENTITY[sdk=iphoneos*]" = "iPhone Developer";
				COPY_PHASE_STRIP = NO;
				GCC_C_LANGUAGE_STANDARD = gnu99;
				GCC_DYNAMIC_NO_PIC = NO;
				GCC_OPTIMIZATION_LEVEL = 0;
				GCC_PREPROCESSOR_DEFINITIONS = (
					"DEBUG=1",
					"$(inherited)",
				);
				GCC_SYMBOLS_PRIVATE_EXTERN = NO;
				GCC_WARN_64_TO_32_BIT_CONVERSION = YES;
				GCC_WARN_ABOUT_RETURN_TYPE = YES_ERROR;
				GCC_WARN_UNDECLARED_SELECTOR = YES;
				GCC_WARN_UNINITIALIZED_AUTOS = YES;
				GCC_WARN_UNUSED_FUNCTION = YES;
				GCC_WARN_UNUSED_VARIABLE = YES;
				IPHONEOS_DEPLOYMENT_TARGET = 7.0;
				ONLY_ACTIVE_ARCH = YES;
				SDKROOT = iphoneos;
			};
			name = Debug;
		};
		E6F95117188E6E5B0031EE9B /* Release */ = {
			isa = XCBuildConfiguration;
			buildSettings = {
				ALWAYS_SEARCH_USER_PATHS = NO;
				ARCHS = "$(ARCHS_STANDARD_INCLUDING_64_BIT)";
				CLANG_CXX_LANGUAGE_STANDARD = "gnu++0x";
				CLANG_CXX_LIBRARY = "libc++";
				CLANG_ENABLE_MODULES = YES;
				CLANG_ENABLE_OBJC_ARC = YES;
				CLANG_WARN_BOOL_CONVERSION = YES;
				CLANG_WARN_CONSTANT_CONVERSION = YES;
				CLANG_WARN_DIRECT_OBJC_ISA_USAGE = YES_ERROR;
				CLANG_WARN_EMPTY_BODY = YES;
				CLANG_WARN_ENUM_CONVERSION = YES;
				CLANG_WARN_INT_CONVERSION = YES;
				CLANG_WARN_OBJC_ROOT_CLASS = YES_ERROR;
				CLANG_WARN__DUPLICATE_METHOD_MATCH = YES;
				"CODE_SIGN_IDENTITY[sdk=iphoneos*]" = "iPhone Developer";
				COPY_PHASE_STRIP = YES;
				ENABLE_NS_ASSERTIONS = NO;
				GCC_C_LANGUAGE_STANDARD = gnu99;
				GCC_WARN_64_TO_32_BIT_CONVERSION = YES;
				GCC_WARN_ABOUT_RETURN_TYPE = YES_ERROR;
				GCC_WARN_UNDECLARED_SELECTOR = YES;
				GCC_WARN_UNINITIALIZED_AUTOS = YES;
				GCC_WARN_UNUSED_FUNCTION = YES;
				GCC_WARN_UNUSED_VARIABLE = YES;
				IPHONEOS_DEPLOYMENT_TARGET = 7.0;
				SDKROOT = iphoneos;
				VALIDATE_PRODUCT = YES;
			};
			name = Release;
		};
		E6F95119188E6E5B0031EE9B /* Debug */ = {
			isa = XCBuildConfiguration;
			buildSettings = {
				ASSETCATALOG_COMPILER_APPICON_NAME = AppIcon;
				ASSETCATALOG_COMPILER_LAUNCHIMAGE_NAME = LaunchImage;
				GCC_PRECOMPILE_PREFIX_HEADER = YES;
				GCC_PREFIX_HEADER = "iHospitalDoctor/iHospitalDoctor-Prefix.pch";
				INFOPLIST_FILE = "iHospitalDoctor/iHospitalDoctor-Info.plist";
				PRODUCT_NAME = "$(TARGET_NAME)";
				WRAPPER_EXTENSION = app;
			};
			name = Debug;
		};
		E6F9511A188E6E5B0031EE9B /* Release */ = {
			isa = XCBuildConfiguration;
			buildSettings = {
				ASSETCATALOG_COMPILER_APPICON_NAME = AppIcon;
				ASSETCATALOG_COMPILER_LAUNCHIMAGE_NAME = LaunchImage;
				GCC_PRECOMPILE_PREFIX_HEADER = YES;
				GCC_PREFIX_HEADER = "iHospitalDoctor/iHospitalDoctor-Prefix.pch";
				INFOPLIST_FILE = "iHospitalDoctor/iHospitalDoctor-Info.plist";
				PRODUCT_NAME = "$(TARGET_NAME)";
				WRAPPER_EXTENSION = app;
			};
			name = Release;
		};
		E6F9511C188E6E5B0031EE9B /* Debug */ = {
			isa = XCBuildConfiguration;
			buildSettings = {
				ARCHS = "$(ARCHS_STANDARD_INCLUDING_64_BIT)";
				BUNDLE_LOADER = "$(BUILT_PRODUCTS_DIR)/iHospitalDoctor.app/iHospitalDoctor";
				FRAMEWORK_SEARCH_PATHS = (
					"$(SDKROOT)/Developer/Library/Frameworks",
					"$(inherited)",
					"$(DEVELOPER_FRAMEWORKS_DIR)",
				);
				GCC_PRECOMPILE_PREFIX_HEADER = YES;
				GCC_PREFIX_HEADER = "iHospitalDoctor/iHospitalDoctor-Prefix.pch";
				GCC_PREPROCESSOR_DEFINITIONS = (
					"DEBUG=1",
					"$(inherited)",
				);
				INFOPLIST_FILE = "iHospitalDoctorTests/iHospitalDoctorTests-Info.plist";
				PRODUCT_NAME = "$(TARGET_NAME)";
				TEST_HOST = "$(BUNDLE_LOADER)";
				WRAPPER_EXTENSION = xctest;
			};
			name = Debug;
		};
		E6F9511D188E6E5B0031EE9B /* Release */ = {
			isa = XCBuildConfiguration;
			buildSettings = {
				ARCHS = "$(ARCHS_STANDARD_INCLUDING_64_BIT)";
				BUNDLE_LOADER = "$(BUILT_PRODUCTS_DIR)/iHospitalDoctor.app/iHospitalDoctor";
				FRAMEWORK_SEARCH_PATHS = (
					"$(SDKROOT)/Developer/Library/Frameworks",
					"$(inherited)",
					"$(DEVELOPER_FRAMEWORKS_DIR)",
				);
				GCC_PRECOMPILE_PREFIX_HEADER = YES;
				GCC_PREFIX_HEADER = "iHospitalDoctor/iHospitalDoctor-Prefix.pch";
				INFOPLIST_FILE = "iHospitalDoctorTests/iHospitalDoctorTests-Info.plist";
				PRODUCT_NAME = "$(TARGET_NAME)";
				TEST_HOST = "$(BUNDLE_LOADER)";
				WRAPPER_EXTENSION = xctest;
			};
			name = Release;
		};
/* End XCBuildConfiguration section */

/* Begin XCConfigurationList section */
		E6F950E7188E6E5B0031EE9B /* Build configuration list for PBXProject "iHospitalDoctor" */ = {
			isa = XCConfigurationList;
			buildConfigurations = (
				E6F95116188E6E5B0031EE9B /* Debug */,
				E6F95117188E6E5B0031EE9B /* Release */,
			);
			defaultConfigurationIsVisible = 0;
			defaultConfigurationName = Release;
		};
		E6F95118188E6E5B0031EE9B /* Build configuration list for PBXNativeTarget "iHospitalDoctor" */ = {
			isa = XCConfigurationList;
			buildConfigurations = (
				E6F95119188E6E5B0031EE9B /* Debug */,
				E6F9511A188E6E5B0031EE9B /* Release */,
			);
			defaultConfigurationIsVisible = 0;
		};
		E6F9511B188E6E5B0031EE9B /* Build configuration list for PBXNativeTarget "iHospitalDoctorTests" */ = {
			isa = XCConfigurationList;
			buildConfigurations = (
				E6F9511C188E6E5B0031EE9B /* Debug */,
				E6F9511D188E6E5B0031EE9B /* Release */,
			);
			defaultConfigurationIsVisible = 0;
		};
/* End XCConfigurationList section */
	};
	rootObject = E6F950E4188E6E5B0031EE9B /* Project object */;
}
